
Microsoft Visual Studio Solution File, Format Version 12.00
# Visual Studio 2012
Project("{FAE04EC0-301F-11D3-BF4B-00C04F79EFBC}") = "SidDotCom", "SidDotCom\SidDotCom.csproj", "{31406770-8A48-4F5C-9203-B4289B161E8A}"
EndProject
Global
	GlobalSection(SolutionConfigurationPlatforms) = preSolution
		Debug|Any CPU = Debug|Any CPU
		Release|Any CPU = Release|Any CPU
	EndGlobalSection
	GlobalSection(ProjectConfigurationPlatforms) = postSolution
		{31406770-8A48-4F5C-9203-B4289B161E8A}.Debug|Any CPU.ActiveCfg = Debug|Any CPU
		{31406770-8A48-4F5C-9203-B4289B161E8A}.Debug|Any CPU.Build.0 = Debug|Any CPU
		{31406770-8A48-4F5C-9203-B4289B161E8A}.Release|Any CPU.ActiveCfg = Release|Any CPU
		{31406770-8A48-4F5C-9203-B4289B161E8A}.Release|Any CPU.Build.0 = Release|Any CPU
	EndGlobalSection
	GlobalSection(SolutionProperties) = preSolution
		HideSolutionNode = FALSE
	EndGlobalSection
EndGlobal
